// !$*UTF8*$!
{
	archiveVersion = 1;
	classes = {
	};
	objectVersion = 56;
	objects = {

/* Begin PBXBuildFile section */
		2C04F7152A3CFABF0024080D /* AppDelegate.swift in Sources */ = {isa = PBXBuildFile; fileRef = 2C04F7142A3CFABF0024080D /* AppDelegate.swift */; };
		2C04F7172A3CFABF0024080D /* SceneDelegate.swift in Sources */ = {isa = PBXBuildFile; fileRef = 2C04F7162A3CFABF0024080D /* SceneDelegate.swift */; };
		2C04F71F2A3CFABF0024080D /* FlightHubFinal.xcdatamodeld in Sources */ = {isa = PBXBuildFile; fileRef = 2C04F71D2A3CFABF0024080D /* FlightHubFinal.xcdatamodeld */; };
		2C04F7212A3CFAC00024080D /* Assets.xcassets in Resources */ = {isa = PBXBuildFile; fileRef = 2C04F7202A3CFAC00024080D /* Assets.xcassets */; };
		2C04F7242A3CFAC00024080D /* LaunchScreen.storyboard in Resources */ = {isa = PBXBuildFile; fileRef = 2C04F7222A3CFAC00024080D /* LaunchScreen.storyboard */; };
		2C04F73C2A3D3D680024080D /* Alamofire in Frameworks */ = {isa = PBXBuildFile; productRef = 2C04F73B2A3D3D680024080D /* Alamofire */; };
		2C04F73F2A3D3D760024080D /* SnapKit in Frameworks */ = {isa = PBXBuildFile; productRef = 2C04F73E2A3D3D760024080D /* SnapKit */; };
		2C04F7532A3D3F6E0024080D /* MainViewController.swift in Sources */ = {isa = PBXBuildFile; fileRef = 2C04F7522A3D3F6E0024080D /* MainViewController.swift */; };
		2C04F7552A3D3F9C0024080D /* MainViewPresenter.swift in Sources */ = {isa = PBXBuildFile; fileRef = 2C04F7542A3D3F9C0024080D /* MainViewPresenter.swift */; };
		2C04F7572A3D3FB40024080D /* MainView.swift in Sources */ = {isa = PBXBuildFile; fileRef = 2C04F7562A3D3FB40024080D /* MainView.swift */; };
		2C04F7592A3D40010024080D /* AlertView.swift in Sources */ = {isa = PBXBuildFile; fileRef = 2C04F7582A3D40010024080D /* AlertView.swift */; };
		2C04F75B2A3D404E0024080D /* FlightCell.swift in Sources */ = {isa = PBXBuildFile; fileRef = 2C04F75A2A3D404E0024080D /* FlightCell.swift */; };
		2C04F75D2A3D406E0024080D /* AirplaneModificator.swift in Sources */ = {isa = PBXBuildFile; fileRef = 2C04F75C2A3D406E0024080D /* AirplaneModificator.swift */; };
		2C04F75F2A3D40850024080D /* Fonts.swift in Sources */ = {isa = PBXBuildFile; fileRef = 2C04F75E2A3D40850024080D /* Fonts.swift */; };
		2C04F7612A3D40E00024080D /* AircraftAnnotation.swift in Sources */ = {isa = PBXBuildFile; fileRef = 2C04F7602A3D40E00024080D /* AircraftAnnotation.swift */; };
		2C04F7632A3D41130024080D /* AircraftModel.swift in Sources */ = {isa = PBXBuildFile; fileRef = 2C04F7622A3D41130024080D /* AircraftModel.swift */; };
		2C04F7652A3D41290024080D /* AirportModel.swift in Sources */ = {isa = PBXBuildFile; fileRef = 2C04F7642A3D41290024080D /* AirportModel.swift */; };
		2C04F7672A3D413D0024080D /* CityModel.swift in Sources */ = {isa = PBXBuildFile; fileRef = 2C04F7662A3D413D0024080D /* CityModel.swift */; };
		2C04F7692A3D41530024080D /* AirlineModel.swift in Sources */ = {isa = PBXBuildFile; fileRef = 2C04F7682A3D41530024080D /* AirlineModel.swift */; };
		2C04F76B2A3D416B0024080D /* FlightDataModel.swift in Sources */ = {isa = PBXBuildFile; fileRef = 2C04F76A2A3D416B0024080D /* FlightDataModel.swift */; };
		2C04F76D2A3D41840024080D /* FlightDetailsModel.swift in Sources */ = {isa = PBXBuildFile; fileRef = 2C04F76C2A3D41840024080D /* FlightDetailsModel.swift */; };
		2C04F76F2A3D41960024080D /* AutocompleteResponse.swift in Sources */ = {isa = PBXBuildFile; fileRef = 2C04F76E2A3D41960024080D /* AutocompleteResponse.swift */; };
		2C04F7712A3D41A90024080D /* CoreDataModel.swift in Sources */ = {isa = PBXBuildFile; fileRef = 2C04F7702A3D41A90024080D /* CoreDataModel.swift */; };
		2C04F7732A3D41D90024080D /* FontsType.swift in Sources */ = {isa = PBXBuildFile; fileRef = 2C04F7722A3D41D90024080D /* FontsType.swift */; };
		2C04F7752A3D41FA0024080D /* MontserratAlternates-Thin.ttf in Resources */ = {isa = PBXBuildFile; fileRef = 2C04F7742A3D41FA0024080D /* MontserratAlternates-Thin.ttf */; };
		2C04F7772A3D42070024080D /* MontserratAlternates-Bold.ttf in Resources */ = {isa = PBXBuildFile; fileRef = 2C04F7762A3D42070024080D /* MontserratAlternates-Bold.ttf */; };
		2C04F7792A3D42160024080D /* MontserratAlternates-Light.ttf in Resources */ = {isa = PBXBuildFile; fileRef = 2C04F7782A3D42160024080D /* MontserratAlternates-Light.ttf */; };
		2C04F77B2A3D422A0024080D /* Router.swift in Sources */ = {isa = PBXBuildFile; fileRef = 2C04F77A2A3D422A0024080D /* Router.swift */; };
		2C04F77D2A3D423C0024080D /* ModuleFactory.swift in Sources */ = {isa = PBXBuildFile; fileRef = 2C04F77C2A3D423C0024080D /* ModuleFactory.swift */; };
		2C04F77F2A3D426F0024080D /* DataLoader.swift in Sources */ = {isa = PBXBuildFile; fileRef = 2C04F77E2A3D426F0024080D /* DataLoader.swift */; };
		2C04F7812A3D42920024080D /* APIAdress.swift in Sources */ = {isa = PBXBuildFile; fileRef = 2C04F7802A3D42920024080D /* APIAdress.swift */; };
		2C04F7832A3D42AC0024080D /* NetworkService.swift in Sources */ = {isa = PBXBuildFile; fileRef = 2C04F7822A3D42AC0024080D /* NetworkService.swift */; };
		2C04F7852A3D43AF0024080D /* AirPlaneViewController.swift in Sources */ = {isa = PBXBuildFile; fileRef = 2C04F7842A3D43AF0024080D /* AirPlaneViewController.swift */; };
		2C04F7872A3D43C40024080D /* AirPlanePresenter.swift in Sources */ = {isa = PBXBuildFile; fileRef = 2C04F7862A3D43C40024080D /* AirPlanePresenter.swift */; };
		2C04F7892A3D43DA0024080D /* AirPlaneView.swift in Sources */ = {isa = PBXBuildFile; fileRef = 2C04F7882A3D43DA0024080D /* AirPlaneView.swift */; };
		2C04F78B2A3D44830024080D /* AirportInfoViewController.swift in Sources */ = {isa = PBXBuildFile; fileRef = 2C04F78A2A3D44830024080D /* AirportInfoViewController.swift */; };
		2C04F78D2A3D44970024080D /* AirportInfoView.swift in Sources */ = {isa = PBXBuildFile; fileRef = 2C04F78C2A3D44970024080D /* AirportInfoView.swift */; };
		2C04F78F2A3D44AE0024080D /* AirportInfoPresenter.swift in Sources */ = {isa = PBXBuildFile; fileRef = 2C04F78E2A3D44AE0024080D /* AirportInfoPresenter.swift */; };
		2C04F7912A3D44F60024080D /* FavoritesViewController.swift in Sources */ = {isa = PBXBuildFile; fileRef = 2C04F7902A3D44F60024080D /* FavoritesViewController.swift */; };
		2C04F7932A3D450B0024080D /* FavoritesViewPresenter.swift in Sources */ = {isa = PBXBuildFile; fileRef = 2C04F7922A3D450B0024080D /* FavoritesViewPresenter.swift */; };
		2C04F7952A3D451F0024080D /* FavoritesView.swift in Sources */ = {isa = PBXBuildFile; fileRef = 2C04F7942A3D451F0024080D /* FavoritesView.swift */; };
		2C04F7972A3D455E0024080D /* Keychain.swift in Sources */ = {isa = PBXBuildFile; fileRef = 2C04F7962A3D455E0024080D /* Keychain.swift */; };
/* End PBXBuildFile section */

/* Begin PBXFileReference section */
		2C04F7112A3CFABF0024080D /* FlightHubFinal.app */ = {isa = PBXFileReference; explicitFileType = wrapper.application; includeInIndex = 0; path = FlightHubFinal.app; sourceTree = BUILT_PRODUCTS_DIR; };
		2C04F7142A3CFABF0024080D /* AppDelegate.swift */ = {isa = PBXFileReference; lastKnownFileType = sourcecode.swift; path = AppDelegate.swift; sourceTree = "<group>"; };
		2C04F7162A3CFABF0024080D /* SceneDelegate.swift */ = {isa = PBXFileReference; lastKnownFileType = sourcecode.swift; path = SceneDelegate.swift; sourceTree = "<group>"; };
		2C04F71E2A3CFABF0024080D /* FlightHubFinal.xcdatamodel */ = {isa = PBXFileReference; lastKnownFileType = wrapper.xcdatamodel; path = FlightHubFinal.xcdatamodel; sourceTree = "<group>"; };
		2C04F7202A3CFAC00024080D /* Assets.xcassets */ = {isa = PBXFileReference; lastKnownFileType = folder.assetcatalog; path = Assets.xcassets; sourceTree = "<group>"; };
		2C04F7232A3CFAC00024080D /* Base */ = {isa = PBXFileReference; lastKnownFileType = file.storyboard; name = Base; path = Base.lproj/LaunchScreen.storyboard; sourceTree = "<group>"; };
		2C04F7252A3CFAC00024080D /* Info.plist */ = {isa = PBXFileReference; lastKnownFileType = text.plist.xml; path = Info.plist; sourceTree = "<group>"; };
		2C04F7522A3D3F6E0024080D /* MainViewController.swift */ = {isa = PBXFileReference; lastKnownFileType = sourcecode.swift; path = MainViewController.swift; sourceTree = "<group>"; };
		2C04F7542A3D3F9C0024080D /* MainViewPresenter.swift */ = {isa = PBXFileReference; lastKnownFileType = sourcecode.swift; path = MainViewPresenter.swift; sourceTree = "<group>"; };
		2C04F7562A3D3FB40024080D /* MainView.swift */ = {isa = PBXFileReference; lastKnownFileType = sourcecode.swift; path = MainView.swift; sourceTree = "<group>"; };
		2C04F7582A3D40010024080D /* AlertView.swift */ = {isa = PBXFileReference; lastKnownFileType = sourcecode.swift; path = AlertView.swift; sourceTree = "<group>"; };
		2C04F75A2A3D404E0024080D /* FlightCell.swift */ = {isa = PBXFileReference; lastKnownFileType = sourcecode.swift; path = FlightCell.swift; sourceTree = "<group>"; };
		2C04F75C2A3D406E0024080D /* AirplaneModificator.swift */ = {isa = PBXFileReference; lastKnownFileType = sourcecode.swift; path = AirplaneModificator.swift; sourceTree = "<group>"; };
		2C04F75E2A3D40850024080D /* Fonts.swift */ = {isa = PBXFileReference; lastKnownFileType = sourcecode.swift; path = Fonts.swift; sourceTree = "<group>"; };
		2C04F7602A3D40E00024080D /* AircraftAnnotation.swift */ = {isa = PBXFileReference; lastKnownFileType = sourcecode.swift; path = AircraftAnnotation.swift; sourceTree = "<group>"; };
		2C04F7622A3D41130024080D /* AircraftModel.swift */ = {isa = PBXFileReference; lastKnownFileType = sourcecode.swift; path = AircraftModel.swift; sourceTree = "<group>"; };
		2C04F7642A3D41290024080D /* AirportModel.swift */ = {isa = PBXFileReference; lastKnownFileType = sourcecode.swift; path = AirportModel.swift; sourceTree = "<group>"; };
		2C04F7662A3D413D0024080D /* CityModel.swift */ = {isa = PBXFileReference; lastKnownFileType = sourcecode.swift; path = CityModel.swift; sourceTree = "<group>"; };
		2C04F7682A3D41530024080D /* AirlineModel.swift */ = {isa = PBXFileReference; lastKnownFileType = sourcecode.swift; path = AirlineModel.swift; sourceTree = "<group>"; };
		2C04F76A2A3D416B0024080D /* FlightDataModel.swift */ = {isa = PBXFileReference; lastKnownFileType = sourcecode.swift; path = FlightDataModel.swift; sourceTree = "<group>"; };
		2C04F76C2A3D41840024080D /* FlightDetailsModel.swift */ = {isa = PBXFileReference; lastKnownFileType = sourcecode.swift; path = FlightDetailsModel.swift; sourceTree = "<group>"; };
		2C04F76E2A3D41960024080D /* AutocompleteResponse.swift */ = {isa = PBXFileReference; lastKnownFileType = sourcecode.swift; path = AutocompleteResponse.swift; sourceTree = "<group>"; };
		2C04F7702A3D41A90024080D /* CoreDataModel.swift */ = {isa = PBXFileReference; lastKnownFileType = sourcecode.swift; path = CoreDataModel.swift; sourceTree = "<group>"; };
		2C04F7722A3D41D90024080D /* FontsType.swift */ = {isa = PBXFileReference; lastKnownFileType = sourcecode.swift; path = FontsType.swift; sourceTree = "<group>"; };
		2C04F7742A3D41FA0024080D /* MontserratAlternates-Thin.ttf */ = {isa = PBXFileReference; lastKnownFileType = file; name = "MontserratAlternates-Thin.ttf"; path = "../../../../../../Downloads/Montserrat_Alternates/MontserratAlternates-Thin.ttf"; sourceTree = "<group>"; };
		2C04F7762A3D42070024080D /* MontserratAlternates-Bold.ttf */ = {isa = PBXFileReference; lastKnownFileType = file; name = "MontserratAlternates-Bold.ttf"; path = "../../../../../../Downloads/Montserrat_Alternates/MontserratAlternates-Bold.ttf"; sourceTree = "<group>"; };
		2C04F7782A3D42160024080D /* MontserratAlternates-Light.ttf */ = {isa = PBXFileReference; lastKnownFileType = file; name = "MontserratAlternates-Light.ttf"; path = "../../../../../../Downloads/Montserrat_Alternates/MontserratAlternates-Light.ttf"; sourceTree = "<group>"; };
		2C04F77A2A3D422A0024080D /* Router.swift */ = {isa = PBXFileReference; lastKnownFileType = sourcecode.swift; path = Router.swift; sourceTree = "<group>"; };
		2C04F77C2A3D423C0024080D /* ModuleFactory.swift */ = {isa = PBXFileReference; lastKnownFileType = sourcecode.swift; path = ModuleFactory.swift; sourceTree = "<group>"; };
		2C04F77E2A3D426F0024080D /* DataLoader.swift */ = {isa = PBXFileReference; lastKnownFileType = sourcecode.swift; path = DataLoader.swift; sourceTree = "<group>"; };
		2C04F7802A3D42920024080D /* APIAdress.swift */ = {isa = PBXFileReference; lastKnownFileType = sourcecode.swift; path = APIAdress.swift; sourceTree = "<group>"; };
		2C04F7822A3D42AC0024080D /* NetworkService.swift */ = {isa = PBXFileReference; lastKnownFileType = sourcecode.swift; path = NetworkService.swift; sourceTree = "<group>"; };
		2C04F7842A3D43AF0024080D /* AirPlaneViewController.swift */ = {isa = PBXFileReference; lastKnownFileType = sourcecode.swift; path = AirPlaneViewController.swift; sourceTree = "<group>"; };
		2C04F7862A3D43C40024080D /* AirPlanePresenter.swift */ = {isa = PBXFileReference; lastKnownFileType = sourcecode.swift; path = AirPlanePresenter.swift; sourceTree = "<group>"; };
		2C04F7882A3D43DA0024080D /* AirPlaneView.swift */ = {isa = PBXFileReference; lastKnownFileType = sourcecode.swift; path = AirPlaneView.swift; sourceTree = "<group>"; };
		2C04F78A2A3D44830024080D /* AirportInfoViewController.swift */ = {isa = PBXFileReference; lastKnownFileType = sourcecode.swift; path = AirportInfoViewController.swift; sourceTree = "<group>"; };
		2C04F78C2A3D44970024080D /* AirportInfoView.swift */ = {isa = PBXFileReference; lastKnownFileType = sourcecode.swift; path = AirportInfoView.swift; sourceTree = "<group>"; };
		2C04F78E2A3D44AE0024080D /* AirportInfoPresenter.swift */ = {isa = PBXFileReference; lastKnownFileType = sourcecode.swift; path = AirportInfoPresenter.swift; sourceTree = "<group>"; };
		2C04F7902A3D44F60024080D /* FavoritesViewController.swift */ = {isa = PBXFileReference; lastKnownFileType = sourcecode.swift; path = FavoritesViewController.swift; sourceTree = "<group>"; };
		2C04F7922A3D450B0024080D /* FavoritesViewPresenter.swift */ = {isa = PBXFileReference; lastKnownFileType = sourcecode.swift; path = FavoritesViewPresenter.swift; sourceTree = "<group>"; };
		2C04F7942A3D451F0024080D /* FavoritesView.swift */ = {isa = PBXFileReference; lastKnownFileType = sourcecode.swift; path = FavoritesView.swift; sourceTree = "<group>"; };
		2C04F7962A3D455E0024080D /* Keychain.swift */ = {isa = PBXFileReference; lastKnownFileType = sourcecode.swift; path = Keychain.swift; sourceTree = "<group>"; };
/* End PBXFileReference section */

/* Begin PBXFrameworksBuildPhase section */
		2C04F70E2A3CFABF0024080D /* Frameworks */ = {
			isa = PBXFrameworksBuildPhase;
			buildActionMask = 2147483647;
			files = (
				2C04F73C2A3D3D680024080D /* Alamofire in Frameworks */,
				2C04F73F2A3D3D760024080D /* SnapKit in Frameworks */,
			);
			runOnlyForDeploymentPostprocessing = 0;
		};
/* End PBXFrameworksBuildPhase section */

/* Begin PBXGroup section */
		2C04F7082A3CFABF0024080D = {
			isa = PBXGroup;
			children = (
				2C04F7132A3CFABF0024080D /* FlightHubFinal */,
				2C04F7122A3CFABF0024080D /* Products */,
			);
			sourceTree = "<group>";
		};
		2C04F7122A3CFABF0024080D /* Products */ = {
			isa = PBXGroup;
			children = (
				2C04F7112A3CFABF0024080D /* FlightHubFinal.app */,
			);
			name = Products;
			sourceTree = "<group>";
		};
		2C04F7132A3CFABF0024080D /* FlightHubFinal */ = {
			isa = PBXGroup;
			children = (
				2C04F7402A3D3DA60024080D /* Sources */,
				2C04F7412A3D3DB50024080D /* Resources */,
				2C04F7252A3CFAC00024080D /* Info.plist */,
				2C04F71D2A3CFABF0024080D /* FlightHubFinal.xcdatamodeld */,
			);
			path = FlightHubFinal;
			sourceTree = "<group>";
		};
		2C04F7402A3D3DA60024080D /* Sources */ = {
			isa = PBXGroup;
			children = (
				2C04F7492A3D3E2F0024080D /* Services */,
				2C04F7482A3D3E280024080D /* App */,
				2C04F7472A3D3E200024080D /* Scenes */,
				2C04F7462A3D3E190024080D /* Network */,
				2C04F7452A3D3E110024080D /* Helpers */,
				2C04F7442A3D3E080024080D /* Models */,
				2C04F7432A3D3E010024080D /* Common */,
				2C04F7422A3D3DF30024080D /* Alert */,
			);
			path = Sources;
			sourceTree = "<group>";
		};
		2C04F7412A3D3DB50024080D /* Resources */ = {
			isa = PBXGroup;
			children = (
				2C04F7202A3CFAC00024080D /* Assets.xcassets */,
				2C04F7222A3CFAC00024080D /* LaunchScreen.storyboard */,
			);
			path = Resources;
			sourceTree = "<group>";
		};
		2C04F7422A3D3DF30024080D /* Alert */ = {
			isa = PBXGroup;
			children = (
				2C04F7582A3D40010024080D /* AlertView.swift */,
			);
			path = Alert;
			sourceTree = "<group>";
		};
		2C04F7432A3D3E010024080D /* Common */ = {
			isa = PBXGroup;
			children = (
				2C04F74B2A3D3E4C0024080D /* Cell */,
				2C04F74A2A3D3E410024080D /* Extensions */,
			);
			path = Common;
			sourceTree = "<group>";
		};
		2C04F7442A3D3E080024080D /* Models */ = {
			isa = PBXGroup;
			children = (
				2C04F7602A3D40E00024080D /* AircraftAnnotation.swift */,
				2C04F7622A3D41130024080D /* AircraftModel.swift */,
				2C04F7642A3D41290024080D /* AirportModel.swift */,
				2C04F7662A3D413D0024080D /* CityModel.swift */,
				2C04F7682A3D41530024080D /* AirlineModel.swift */,
				2C04F76A2A3D416B0024080D /* FlightDataModel.swift */,
				2C04F76C2A3D41840024080D /* FlightDetailsModel.swift */,
				2C04F76E2A3D41960024080D /* AutocompleteResponse.swift */,
				2C04F7702A3D41A90024080D /* CoreDataModel.swift */,
			);
			path = Models;
			sourceTree = "<group>";
		};
		2C04F7452A3D3E110024080D /* Helpers */ = {
			isa = PBXGroup;
			children = (
				2C04F74D2A3D3E670024080D /* Fonts */,
				2C04F74C2A3D3E5F0024080D /* Navigation */,
			);
			path = Helpers;
			sourceTree = "<group>";
		};
		2C04F7462A3D3E190024080D /* Network */ = {
			isa = PBXGroup;
			children = (
				2C04F77E2A3D426F0024080D /* DataLoader.swift */,
				2C04F7802A3D42920024080D /* APIAdress.swift */,
				2C04F7822A3D42AC0024080D /* NetworkService.swift */,
			);
			path = Network;
			sourceTree = "<group>";
		};
		2C04F7472A3D3E200024080D /* Scenes */ = {
			isa = PBXGroup;
			children = (
				2C04F7512A3D3EA10024080D /* Main */,
				2C04F7502A3D3E8F0024080D /* AirPlaneInfo */,
				2C04F74F2A3D3E850024080D /* AirportInfo */,
				2C04F74E2A3D3E780024080D /* FavoritesView */,
			);
			path = Scenes;
			sourceTree = "<group>";
		};
		2C04F7482A3D3E280024080D /* App */ = {
			isa = PBXGroup;
			children = (
				2C04F7142A3CFABF0024080D /* AppDelegate.swift */,
				2C04F7162A3CFABF0024080D /* SceneDelegate.swift */,
			);
			path = App;
			sourceTree = "<group>";
		};
		2C04F7492A3D3E2F0024080D /* Services */ = {
			isa = PBXGroup;
			children = (
				2C04F7962A3D455E0024080D /* Keychain.swift */,
			);
			path = Services;
			sourceTree = "<group>";
		};
		2C04F74A2A3D3E410024080D /* Extensions */ = {
			isa = PBXGroup;
			children = (
				2C04F75C2A3D406E0024080D /* AirplaneModificator.swift */,
				2C04F75E2A3D40850024080D /* Fonts.swift */,
			);
			path = Extensions;
			sourceTree = "<group>";
		};
		2C04F74B2A3D3E4C0024080D /* Cell */ = {
			isa = PBXGroup;
			children = (
				2C04F75A2A3D404E0024080D /* FlightCell.swift */,
			);
			path = Cell;
			sourceTree = "<group>";
		};
		2C04F74C2A3D3E5F0024080D /* Navigation */ = {
			isa = PBXGroup;
			children = (
				2C04F77A2A3D422A0024080D /* Router.swift */,
				2C04F77C2A3D423C0024080D /* ModuleFactory.swift */,
			);
			path = Navigation;
			sourceTree = "<group>";
		};
		2C04F74D2A3D3E670024080D /* Fonts */ = {
			isa = PBXGroup;
			children = (
				2C04F7722A3D41D90024080D /* FontsType.swift */,
				2C04F7762A3D42070024080D /* MontserratAlternates-Bold.ttf */,
				2C04F7782A3D42160024080D /* MontserratAlternates-Light.ttf */,
				2C04F7742A3D41FA0024080D /* MontserratAlternates-Thin.ttf */,
			);
			path = Fonts;
			sourceTree = "<group>";
		};
		2C04F74E2A3D3E780024080D /* FavoritesView */ = {
			isa = PBXGroup;
			children = (
				2C04F7902A3D44F60024080D /* FavoritesViewController.swift */,
				2C04F7922A3D450B0024080D /* FavoritesViewPresenter.swift */,
				2C04F7942A3D451F0024080D /* FavoritesView.swift */,
			);
			path = FavoritesView;
			sourceTree = "<group>";
		};
		2C04F74F2A3D3E850024080D /* AirportInfo */ = {
			isa = PBXGroup;
			children = (
				2C04F78A2A3D44830024080D /* AirportInfoViewController.swift */,
				2C04F78C2A3D44970024080D /* AirportInfoView.swift */,
				2C04F78E2A3D44AE0024080D /* AirportInfoPresenter.swift */,
			);
			path = AirportInfo;
			sourceTree = "<group>";
		};
		2C04F7502A3D3E8F0024080D /* AirPlaneInfo */ = {
			isa = PBXGroup;
			children = (
				2C04F7842A3D43AF0024080D /* AirPlaneViewController.swift */,
				2C04F7862A3D43C40024080D /* AirPlanePresenter.swift */,
				2C04F7882A3D43DA0024080D /* AirPlaneView.swift */,
			);
			path = AirPlaneInfo;
			sourceTree = "<group>";
		};
		2C04F7512A3D3EA10024080D /* Main */ = {
			isa = PBXGroup;
			children = (
				2C04F7522A3D3F6E0024080D /* MainViewController.swift */,
				2C04F7542A3D3F9C0024080D /* MainViewPresenter.swift */,
				2C04F7562A3D3FB40024080D /* MainView.swift */,
			);
			path = Main;
			sourceTree = "<group>";
		};
/* End PBXGroup section */

/* Begin PBXNativeTarget section */
		2C04F7102A3CFABF0024080D /* FlightHubFinal */ = {
			isa = PBXNativeTarget;
			buildConfigurationList = 2C04F7282A3CFAC00024080D /* Build configuration list for PBXNativeTarget "FlightHubFinal" */;
			buildPhases = (
				2C04F70D2A3CFABF0024080D /* Sources */,
				2C04F70E2A3CFABF0024080D /* Frameworks */,
				2C04F70F2A3CFABF0024080D /* Resources */,
			);
			buildRules = (
			);
			dependencies = (
			);
			name = FlightHubFinal;
			packageProductDependencies = (
				2C04F73B2A3D3D680024080D /* Alamofire */,
				2C04F73E2A3D3D760024080D /* SnapKit */,
			);
			productName = FlightHubFinal;
			productReference = 2C04F7112A3CFABF0024080D /* FlightHubFinal.app */;
			productType = "com.apple.product-type.application";
		};
/* End PBXNativeTarget section */

/* Begin PBXProject section */
		2C04F7092A3CFABF0024080D /* Project object */ = {
			isa = PBXProject;
			attributes = {
				BuildIndependentTargetsInParallel = 1;
				LastSwiftUpdateCheck = 1430;
				LastUpgradeCheck = 1430;
				TargetAttributes = {
					2C04F7102A3CFABF0024080D = {
						CreatedOnToolsVersion = 14.3.1;
					};
				};
			};
			buildConfigurationList = 2C04F70C2A3CFABF0024080D /* Build configuration list for PBXProject "FlightHubFinal" */;
			compatibilityVersion = "Xcode 14.0";
			developmentRegion = en;
			hasScannedForEncodings = 0;
			knownRegions = (
				en,
				Base,
			);
			mainGroup = 2C04F7082A3CFABF0024080D;
			packageReferences = (
				2C04F73A2A3D3D680024080D /* XCRemoteSwiftPackageReference "Alamofire" */,
				2C04F73D2A3D3D760024080D /* XCRemoteSwiftPackageReference "SnapKit" */,
			);
			productRefGroup = 2C04F7122A3CFABF0024080D /* Products */;
			projectDirPath = "";
			projectRoot = "";
			targets = (
				2C04F7102A3CFABF0024080D /* FlightHubFinal */,
			);
		};
/* End PBXProject section */

/* Begin PBXResourcesBuildPhase section */
		2C04F70F2A3CFABF0024080D /* Resources */ = {
			isa = PBXResourcesBuildPhase;
			buildActionMask = 2147483647;
			files = (
				2C04F7242A3CFAC00024080D /* LaunchScreen.storyboard in Resources */,
				2C04F7772A3D42070024080D /* MontserratAlternates-Bold.ttf in Resources */,
				2C04F7212A3CFAC00024080D /* Assets.xcassets in Resources */,
				2C04F7792A3D42160024080D /* MontserratAlternates-Light.ttf in Resources */,
				2C04F7752A3D41FA0024080D /* MontserratAlternates-Thin.ttf in Resources */,
			);
			runOnlyForDeploymentPostprocessing = 0;
		};
/* End PBXResourcesBuildPhase section */

/* Begin PBXSourcesBuildPhase section */
		2C04F70D2A3CFABF0024080D /* Sources */ = {
			isa = PBXSourcesBuildPhase;
			buildActionMask = 2147483647;
			files = (
				2C04F77B2A3D422A0024080D /* Router.swift in Sources */,
				2C04F75B2A3D404E0024080D /* FlightCell.swift in Sources */,
				2C04F77D2A3D423C0024080D /* ModuleFactory.swift in Sources */,
				2C04F7692A3D41530024080D /* AirlineModel.swift in Sources */,
				2C04F7972A3D455E0024080D /* Keychain.swift in Sources */,
				2C04F7812A3D42920024080D /* APIAdress.swift in Sources */,
				2C04F7612A3D40E00024080D /* AircraftAnnotation.swift in Sources */,
				2C04F7632A3D41130024080D /* AircraftModel.swift in Sources */,
				2C04F7572A3D3FB40024080D /* MainView.swift in Sources */,
				2C04F7672A3D413D0024080D /* CityModel.swift in Sources */,
				2C04F7652A3D41290024080D /* AirportModel.swift in Sources */,
				2C04F75D2A3D406E0024080D /* AirplaneModificator.swift in Sources */,
				2C04F78B2A3D44830024080D /* AirportInfoViewController.swift in Sources */,
				2C04F76B2A3D416B0024080D /* FlightDataModel.swift in Sources */,
				2C04F78D2A3D44970024080D /* AirportInfoView.swift in Sources */,
				2C04F76F2A3D41960024080D /* AutocompleteResponse.swift in Sources */,
				2C04F7152A3CFABF0024080D /* AppDelegate.swift in Sources */,
				2C04F7932A3D450B0024080D /* FavoritesViewPresenter.swift in Sources */,
				2C04F7552A3D3F9C0024080D /* MainViewPresenter.swift in Sources */,
				2C04F71F2A3CFABF0024080D /* FlightHubFinal.xcdatamodeld in Sources */,
				2C04F7592A3D40010024080D /* AlertView.swift in Sources */,
				2C04F76D2A3D41840024080D /* FlightDetailsModel.swift in Sources */,
				2C04F7732A3D41D90024080D /* FontsType.swift in Sources */,
				2C04F7852A3D43AF0024080D /* AirPlaneViewController.swift in Sources */,
				2C04F75F2A3D40850024080D /* Fonts.swift in Sources */,
				2C04F7952A3D451F0024080D /* FavoritesView.swift in Sources */,
				2C04F77F2A3D426F0024080D /* DataLoader.swift in Sources */,
				2C04F7172A3CFABF0024080D /* SceneDelegate.swift in Sources */,
				2C04F78F2A3D44AE0024080D /* AirportInfoPresenter.swift in Sources */,
				2C04F7712A3D41A90024080D /* CoreDataModel.swift in Sources */,
				2C04F7912A3D44F60024080D /* FavoritesViewController.swift in Sources */,
				2C04F7832A3D42AC0024080D /* NetworkService.swift in Sources */,
				2C04F7872A3D43C40024080D /* AirPlanePresenter.swift in Sources */,
				2C04F7532A3D3F6E0024080D /* MainViewController.swift in Sources */,
				2C04F7892A3D43DA0024080D /* AirPlaneView.swift in Sources */,
			);
			runOnlyForDeploymentPostprocessing = 0;
		};
/* End PBXSourcesBuildPhase section */

/* Begin PBXVariantGroup section */
		2C04F7222A3CFAC00024080D /* LaunchScreen.storyboard */ = {
			isa = PBXVariantGroup;
			children = (
				2C04F7232A3CFAC00024080D /* Base */,
			);
			name = LaunchScreen.storyboard;
			sourceTree = "<group>";
		};
/* End PBXVariantGroup section */

/* Begin XCBuildConfiguration section */
		2C04F7262A3CFAC00024080D /* Debug */ = {
			isa = XCBuildConfiguration;
			buildSettings = {
				ALWAYS_SEARCH_USER_PATHS = NO;
				CLANG_ANALYZER_NONNULL = YES;
				CLANG_ANALYZER_NUMBER_OBJECT_CONVERSION = YES_AGGRESSIVE;
				CLANG_CXX_LANGUAGE_STANDARD = "gnu++20";
				CLANG_ENABLE_MODULES = YES;
				CLANG_ENABLE_OBJC_ARC = YES;
				CLANG_ENABLE_OBJC_WEAK = YES;
				CLANG_WARN_BLOCK_CAPTURE_AUTORELEASING = YES;
				CLANG_WARN_BOOL_CONVERSION = YES;
				CLANG_WARN_COMMA = YES;
				CLANG_WARN_CONSTANT_CONVERSION = YES;
				CLANG_WARN_DEPRECATED_OBJC_IMPLEMENTATIONS = YES;
				CLANG_WARN_DIRECT_OBJC_ISA_USAGE = YES_ERROR;
				CLANG_WARN_DOCUMENTATION_COMMENTS = YES;
				CLANG_WARN_EMPTY_BODY = YES;
				CLANG_WARN_ENUM_CONVERSION = YES;
				CLANG_WARN_INFINITE_RECURSION = YES;
				CLANG_WARN_INT_CONVERSION = YES;
				CLANG_WARN_NON_LITERAL_NULL_CONVERSION = YES;
				CLANG_WARN_OBJC_IMPLICIT_RETAIN_SELF = YES;
				CLANG_WARN_OBJC_LITERAL_CONVERSION = YES;
				CLANG_WARN_OBJC_ROOT_CLASS = YES_ERROR;
				CLANG_WARN_QUOTED_INCLUDE_IN_FRAMEWORK_HEADER = YES;
				CLANG_WARN_RANGE_LOOP_ANALYSIS = YES;
				CLANG_WARN_STRICT_PROTOTYPES = YES;
				CLANG_WARN_SUSPICIOUS_MOVE = YES;
				CLANG_WARN_UNGUARDED_AVAILABILITY = YES_AGGRESSIVE;
				CLANG_WARN_UNREACHABLE_CODE = YES;
				CLANG_WARN__DUPLICATE_METHOD_MATCH = YES;
				COPY_PHASE_STRIP = NO;
				DEBUG_INFORMATION_FORMAT = dwarf;
				ENABLE_STRICT_OBJC_MSGSEND = YES;
				ENABLE_TESTABILITY = YES;
				GCC_C_LANGUAGE_STANDARD = gnu11;
				GCC_DYNAMIC_NO_PIC = NO;
				GCC_NO_COMMON_BLOCKS = YES;
				GCC_OPTIMIZATION_LEVEL = 0;
				GCC_PREPROCESSOR_DEFINITIONS = (
					"DEBUG=1",
					"$(inherited)",
				);
				GCC_WARN_64_TO_32_BIT_CONVERSION = YES;
				GCC_WARN_ABOUT_RETURN_TYPE = YES_ERROR;
				GCC_WARN_UNDECLARED_SELECTOR = YES;
				GCC_WARN_UNINITIALIZED_AUTOS = YES_AGGRESSIVE;
				GCC_WARN_UNUSED_FUNCTION = YES;
				GCC_WARN_UNUSED_VARIABLE = YES;
				IPHONEOS_DEPLOYMENT_TARGET = 16.4;
				MTL_ENABLE_DEBUG_INFO = INCLUDE_SOURCE;
				MTL_FAST_MATH = YES;
				ONLY_ACTIVE_ARCH = YES;
				SDKROOT = iphoneos;
				SWIFT_ACTIVE_COMPILATION_CONDITIONS = DEBUG;
				SWIFT_OPTIMIZATION_LEVEL = "-Onone";
			};
			name = Debug;
		};
		2C04F7272A3CFAC00024080D /* Release */ = {
			isa = XCBuildConfiguration;
			buildSettings = {
				ALWAYS_SEARCH_USER_PATHS = NO;
				CLANG_ANALYZER_NONNULL = YES;
				CLANG_ANALYZER_NUMBER_OBJECT_CONVERSION = YES_AGGRESSIVE;
				CLANG_CXX_LANGUAGE_STANDARD = "gnu++20";
				CLANG_ENABLE_MODULES = YES;
				CLANG_ENABLE_OBJC_ARC = YES;
				CLANG_ENABLE_OBJC_WEAK = YES;
				CLANG_WARN_BLOCK_CAPTURE_AUTORELEASING = YES;
				CLANG_WARN_BOOL_CONVERSION = YES;
				CLANG_WARN_COMMA = YES;
				CLANG_WARN_CONSTANT_CONVERSION = YES;
				CLANG_WARN_DEPRECATED_OBJC_IMPLEMENTATIONS = YES;
				CLANG_WARN_DIRECT_OBJC_ISA_USAGE = YES_ERROR;
				CLANG_WARN_DOCUMENTATION_COMMENTS = YES;
				CLANG_WARN_EMPTY_BODY = YES;
				CLANG_WARN_ENUM_CONVERSION = YES;
				CLANG_WARN_INFINITE_RECURSION = YES;
				CLANG_WARN_INT_CONVERSION = YES;
				CLANG_WARN_NON_LITERAL_NULL_CONVERSION = YES;
				CLANG_WARN_OBJC_IMPLICIT_RETAIN_SELF = YES;
				CLANG_WARN_OBJC_LITERAL_CONVERSION = YES;
				CLANG_WARN_OBJC_ROOT_CLASS = YES_ERROR;
				CLANG_WARN_QUOTED_INCLUDE_IN_FRAMEWORK_HEADER = YES;
				CLANG_WARN_RANGE_LOOP_ANALYSIS = YES;
				CLANG_WARN_STRICT_PROTOTYPES = YES;
				CLANG_WARN_SUSPICIOUS_MOVE = YES;
				CLANG_WARN_UNGUARDED_AVAILABILITY = YES_AGGRESSIVE;
				CLANG_WARN_UNREACHABLE_CODE = YES;
				CLANG_WARN__DUPLICATE_METHOD_MATCH = YES;
				COPY_PHASE_STRIP = NO;
				DEBUG_INFORMATION_FORMAT = "dwarf-with-dsym";
				ENABLE_NS_ASSERTIONS = NO;
				ENABLE_STRICT_OBJC_MSGSEND = YES;
				GCC_C_LANGUAGE_STANDARD = gnu11;
				GCC_NO_COMMON_BLOCKS = YES;
				GCC_WARN_64_TO_32_BIT_CONVERSION = YES;
				GCC_WARN_ABOUT_RETURN_TYPE = YES_ERROR;
				GCC_WARN_UNDECLARED_SELECTOR = YES;
				GCC_WARN_UNINITIALIZED_AUTOS = YES_AGGRESSIVE;
				GCC_WARN_UNUSED_FUNCTION = YES;
				GCC_WARN_UNUSED_VARIABLE = YES;
				IPHONEOS_DEPLOYMENT_TARGET = 16.4;
				MTL_ENABLE_DEBUG_INFO = NO;
				MTL_FAST_MATH = YES;
				SDKROOT = iphoneos;
				SWIFT_COMPILATION_MODE = wholemodule;
				SWIFT_OPTIMIZATION_LEVEL = "-O";
				VALIDATE_PRODUCT = YES;
			};
			name = Release;
		};
		2C04F7292A3CFAC00024080D /* Debug */ = {
			isa = XCBuildConfiguration;
			buildSettings = {
				ASSETCATALOG_COMPILER_APPICON_NAME = AppIcon;
				ASSETCATALOG_COMPILER_GLOBAL_ACCENT_COLOR_NAME = AccentColor;
				CODE_SIGN_STYLE = Automatic;
				CURRENT_PROJECT_VERSION = 1;
				DEVELOPMENT_TEAM = LB62AQUMSB;
				GENERATE_INFOPLIST_FILE = YES;
				INFOPLIST_FILE = FlightHubFinal/Info.plist;
				INFOPLIST_KEY_CFBundleDisplayName = FlightHub;
				INFOPLIST_KEY_LSApplicationCategoryType = "public.app-category.travel";
				INFOPLIST_KEY_UIApplicationSupportsIndirectInputEvents = YES;
				INFOPLIST_KEY_UILaunchStoryboardName = LaunchScreen;
				INFOPLIST_KEY_UIMainStoryboardFile = "";
				INFOPLIST_KEY_UISupportedInterfaceOrientations = UIInterfaceOrientationPortrait;
				INFOPLIST_KEY_UISupportedInterfaceOrientations_iPad = "UIInterfaceOrientationLandscapeLeft UIInterfaceOrientationLandscapeRight UIInterfaceOrientationPortrait UIInterfaceOrientationPortraitUpsideDown";
				IPHONEOS_DEPLOYMENT_TARGET = 15.0;
				LD_RUNPATH_SEARCH_PATHS = (
					"$(inherited)",
					"@executable_path/Frameworks",
				);
				MARKETING_VERSION = 1.0;
				PRODUCT_BUNDLE_IDENTIFIER = com.NurkovYan.FlightHubFinal;
				PRODUCT_NAME = "$(TARGET_NAME)";
				SUPPORTED_PLATFORMS = "iphoneos iphonesimulator";
				SUPPORTS_MACCATALYST = NO;
				SUPPORTS_MAC_DESIGNED_FOR_IPHONE_IPAD = NO;
				SWIFT_EMIT_LOC_STRINGS = YES;
				SWIFT_VERSION = 5.0;
				TARGETED_DEVICE_FAMILY = 1;
			};
			name = Debug;
		};
		2C04F72A2A3CFAC00024080D /* Release */ = {
			isa = XCBuildConfiguration;
			buildSettings = {
				ASSETCATALOG_COMPILER_APPICON_NAME = AppIcon;
				ASSETCATALOG_COMPILER_GLOBAL_ACCENT_COLOR_NAME = AccentColor;
				CODE_SIGN_STYLE = Automatic;
				CURRENT_PROJECT_VERSION = 1;
				DEVELOPMENT_TEAM = LB62AQUMSB;
				GENERATE_INFOPLIST_FILE = YES;
				INFOPLIST_FILE = FlightHubFinal/Info.plist;
				INFOPLIST_KEY_CFBundleDisplayName = FlightHub;
				INFOPLIST_KEY_LSApplicationCategoryType = "public.app-category.travel";
				INFOPLIST_KEY_UIApplicationSupportsIndirectInputEvents = YES;
				INFOPLIST_KEY_UILaunchStoryboardName = LaunchScreen;
				INFOPLIST_KEY_UIMainStoryboardFile = "";
				INFOPLIST_KEY_UISupportedInterfaceOrientations = UIInterfaceOrientationPortrait;
				INFOPLIST_KEY_UISupportedInterfaceOrientations_iPad = "UIInterfaceOrientationLandscapeLeft UIInterfaceOrientationLandscapeRight UIInterfaceOrientationPortrait UIInterfaceOrientationPortraitUpsideDown";
				IPHONEOS_DEPLOYMENT_TARGET = 15.0;
				LD_RUNPATH_SEARCH_PATHS = (
					"$(inherited)",
					"@executable_path/Frameworks",
				);
				MARKETING_VERSION = 1.0;
				PRODUCT_BUNDLE_IDENTIFIER = com.NurkovYan.FlightHubFinal;
				PRODUCT_NAME = "$(TARGET_NAME)";
				SUPPORTED_PLATFORMS = "iphoneos iphonesimulator";
				SUPPORTS_MACCATALYST = NO;
				SUPPORTS_MAC_DESIGNED_FOR_IPHONE_IPAD = NO;
				SWIFT_EMIT_LOC_STRINGS = YES;
				SWIFT_VERSION = 5.0;
				TARGETED_DEVICE_FAMILY = 1;
			};
			name = Release;
		};
/* End XCBuildConfiguration section */

/* Begin XCConfigurationList section */
		2C04F70C2A3CFABF0024080D /* Build configuration list for PBXProject "FlightHubFinal" */ = {
			isa = XCConfigurationList;
			buildConfigurations = (
				2C04F7262A3CFAC00024080D /* Debug */,
				2C04F7272A3CFAC00024080D /* Release */,
			);
			defaultConfigurationIsVisible = 0;
			defaultConfigurationName = Release;
		};
		2C04F7282A3CFAC00024080D /* Build configuration list for PBXNativeTarget "FlightHubFinal" */ = {
			isa = XCConfigurationList;
			buildConfigurations = (
				2C04F7292A3CFAC00024080D /* Debug */,
				2C04F72A2A3CFAC00024080D /* Release */,
			);
			defaultConfigurationIsVisible = 0;
			defaultConfigurationName = Release;
		};
/* End XCConfigurationList section */

/* Begin XCRemoteSwiftPackageReference section */
		2C04F73A2A3D3D680024080D /* XCRemoteSwiftPackageReference "Alamofire" */ = {
			isa = XCRemoteSwiftPackageReference;
			repositoryURL = "https://github.com/Alamofire/Alamofire";
			requirement = {
				kind = upToNextMajorVersion;
				minimumVersion = 5.0.0;
			};
		};
		2C04F73D2A3D3D760024080D /* XCRemoteSwiftPackageReference "SnapKit" */ = {
			isa = XCRemoteSwiftPackageReference;
			repositoryURL = "https://github.com/SnapKit/SnapKit";
			requirement = {
				kind = upToNextMajorVersion;
				minimumVersion = 5.0.0;
			};
		};
/* End XCRemoteSwiftPackageReference section */

/* Begin XCSwiftPackageProductDependency section */
		2C04F73B2A3D3D680024080D /* Alamofire */ = {
			isa = XCSwiftPackageProductDependency;
			package = 2C04F73A2A3D3D680024080D /* XCRemoteSwiftPackageReference "Alamofire" */;
			productName = Alamofire;
		};
		2C04F73E2A3D3D760024080D /* SnapKit */ = {
			isa = XCSwiftPackageProductDependency;
			package = 2C04F73D2A3D3D760024080D /* XCRemoteSwiftPackageReference "SnapKit" */;
			productName = SnapKit;
		};
/* End XCSwiftPackageProductDependency section */

/* Begin XCVersionGroup section */
		2C04F71D2A3CFABF0024080D /* FlightHubFinal.xcdatamodeld */ = {
			isa = XCVersionGroup;
			children = (
				2C04F71E2A3CFABF0024080D /* FlightHubFinal.xcdatamodel */,
			);
			currentVersion = 2C04F71E2A3CFABF0024080D /* FlightHubFinal.xcdatamodel */;
			path = FlightHubFinal.xcdatamodeld;
			sourceTree = "<group>";
			versionGroupType = wrapper.xcdatamodel;
		};
/* End XCVersionGroup section */
	};
	rootObject = 2C04F7092A3CFABF0024080D /* Project object */;
}
